
Microsoft Visual Studio Solution File, Format Version 12.00
# Visual Studio Version 17
VisualStudioVersion = 17.8.34316.72
MinimumVisualStudioVersion = 10.0.40219.1
Project("{FAE04EC0-301F-11D3-BF4B-00C04F79EFBC}") = "Quizzing", "Quizzing\Quizzing.csproj", "{9EB19E74-CEF3-4F00-AC61-725A13CB4A8E}"
EndProject
Global
	GlobalSection(SolutionConfigurationPlatforms) = preSolution
		Debug|Any CPU = Debug|Any CPU
		Release|Any CPU = Release|Any CPU
	EndGlobalSection
	GlobalSection(ProjectConfigurationPlatforms) = postSolution
		{9EB19E74-CEF3-4F00-AC61-725A13CB4A8E}.Debug|Any CPU.ActiveCfg = Debug|Any CPU
		{9EB19E74-CEF3-4F00-AC61-725A13CB4A8E}.Debug|Any CPU.Build.0 = Debug|Any CPU
		{9EB19E74-CEF3-4F00-AC61-725A13CB4A8E}.Release|Any CPU.ActiveCfg = Release|Any CPU
		{9EB19E74-CEF3-4F00-AC61-725A13CB4A8E}.Release|Any CPU.Build.0 = Release|Any CPU
	EndGlobalSection
	GlobalSection(SolutionProperties) = preSolution
		HideSolutionNode = FALSE
	EndGlobalSection
	GlobalSection(ExtensibilityGlobals) = postSolution
		SolutionGuid = {807E857C-93E5-429A-863D-47C2B129099B}
	EndGlobalSection
EndGlobal
